{
  "version": 4,
  "terraform_version": "0.13.5",
  "serial": 5,
  "lineage": "9c987f1f-43f8-8cea-aade-036a02747d03",
  "outputs": {},
  "resources": [
    {
      "mode": "managed",
      "type": "aws_vpc",
      "name": "myvpc",
      "provider": "provider[\"registry.terraform.io/hashicorp/aws\"]",
      "instances": [
        {
          "schema_version": 1,
          "attributes": {
            "arn": "arn:aws:ec2:us-east-1:723462602179:vpc/vpc-0b629db9e58525af8",
            "assign_generated_ipv6_cidr_block": false,
            "cidr_block": "10.0.0.0/16",
            "default_network_acl_id": "acl-0e5643a6a52ae10ef",
            "default_route_table_id": "rtb-083cf681d8d7fa0a3",
            "default_security_group_id": "sg-0cf96e6ff8441634f",
            "dhcp_options_id": "dopt-51566d2a",
            "enable_classiclink": false,
            "enable_classiclink_dns_support": false,
            "enable_dns_hostnames": false,
            "enable_dns_support": true,
            "id": "vpc-0b629db9e58525af8",
            "instance_tenancy": "default",
            "ipv6_association_id": "",
            "ipv6_cidr_block": "",
            "main_route_table_id": "rtb-083cf681d8d7fa0a3",
            "owner_id": "723462602179",
            "tags": null
          },
          "private": "eyJzY2hlbWFfdmVyc2lvbiI6IjEifQ=="
        }
      ]
    }
  ]
}
