{
  "version": 4,
  "terraform_version": "0.13.5",
  "serial": 1,
  "lineage": "2d71872b-4c44-7e0c-ac3e-61798a8dc48e",
  "outputs": {},
  "resources": [
    {
      "mode": "managed",
      "type": "aws_vpc",
      "name": "TerraformVPC",
      "provider": "provider[\"registry.terraform.io/hashicorp/aws\"]",
      "instances": [
        {
          "schema_version": 1,
          "attributes": {
            "arn": "arn:aws:ec2:us-east-1:723462602179:vpc/vpc-019a9f345069ea96e",
            "assign_generated_ipv6_cidr_block": false,
            "cidr_block": "192.168.0.0/24",
            "default_network_acl_id": "acl-01e9a89c979443d0f",
            "default_route_table_id": "rtb-08509deba419d5226",
            "default_security_group_id": "sg-0c4c233fa88a4af37",
            "dhcp_options_id": "dopt-51566d2a",
            "enable_classiclink": false,
            "enable_classiclink_dns_support": false,
            "enable_dns_hostnames": false,
            "enable_dns_support": true,
            "id": "vpc-019a9f345069ea96e",
            "instance_tenancy": "default",
            "ipv6_association_id": "",
            "ipv6_cidr_block": "",
            "main_route_table_id": "rtb-08509deba419d5226",
            "owner_id": "723462602179",
            "tags": null
          },
          "private": "eyJzY2hlbWFfdmVyc2lvbiI6IjEifQ=="
        }
      ]
    }
  ]
}
